Microsoft Visual Studio Solution File, Format Version 12.00
# Visual Studio 2012
Project("{FAE04EC0-301F-11D3-BF4B-00C04F79EFBC}") = "ShyGraphV2", "ShyGraphV2.csproj", "{61FA18D3-D31D-411B-8AD7-8ADD63AC23FD}"
EndProject
Global
	GlobalSection(SolutionConfigurationPlatforms) = preSolution
	Debug|Any CPU = Debug|Any CPU
	ExportDebug|Any CPU = ExportDebug|Any CPU
	ExportRelease|Any CPU = ExportRelease|Any CPU
	EndGlobalSection
	GlobalSection(ProjectConfigurationPlatforms) = postSolution
		{61FA18D3-D31D-411B-8AD7-8ADD63AC23FD}.Debug|Any CPU.ActiveCfg = Debug|Any CPU
		{61FA18D3-D31D-411B-8AD7-8ADD63AC23FD}.Debug|Any CPU.Build.0 = Debug|Any CPU
		{61FA18D3-D31D-411B-8AD7-8ADD63AC23FD}.ExportDebug|Any CPU.ActiveCfg = ExportDebug|Any CPU
		{61FA18D3-D31D-411B-8AD7-8ADD63AC23FD}.ExportDebug|Any CPU.Build.0 = ExportDebug|Any CPU
		{61FA18D3-D31D-411B-8AD7-8ADD63AC23FD}.ExportRelease|Any CPU.ActiveCfg = ExportRelease|Any CPU
		{61FA18D3-D31D-411B-8AD7-8ADD63AC23FD}.ExportRelease|Any CPU.Build.0 = ExportRelease|Any CPU
	EndGlobalSection
EndGlobal
